// !$*UTF8*$!
{
	archiveVersion = 1;
	classes = {
	};
	objectVersion = 46;
	objects = {

/* Begin PBXBuildFile section */
		571044DF1CFBE6CB007116D6 /* FollowerBehavior.swift in Sources */ = {isa = PBXBuildFile; fileRef = 571044DE1CFBE6CB007116D6 /* FollowerBehavior.swift */; };
		571044E31CFBF4AC007116D6 /* Field.swift in Sources */ = {isa = PBXBuildFile; fileRef = 571044E11CFBF4AC007116D6 /* Field.swift */; };
		571044E41CFBF4AC007116D6 /* LevelScene.swift in Sources */ = {isa = PBXBuildFile; fileRef = 571044E21CFBF4AC007116D6 /* LevelScene.swift */; };
		572BC0451D17BD9C000F059C /* FollowerDamagedState.swift in Sources */ = {isa = PBXBuildFile; fileRef = 572BC0441D17BD9C000F059C /* FollowerDamagedState.swift */; };
		572BC0471D17BDB0000F059C /* FollowerPreAttackState.swift in Sources */ = {isa = PBXBuildFile; fileRef = 572BC0461D17BDB0000F059C /* FollowerPreAttackState.swift */; };
		572BC0491D17BDBE000F059C /* FollowerAttackState.swift in Sources */ = {isa = PBXBuildFile; fileRef = 572BC0481D17BDBE000F059C /* FollowerAttackState.swift */; };
		572BC04B1D17E30A000F059C /* AnimationComponent.swift in Sources */ = {isa = PBXBuildFile; fileRef = 572BC04A1D17E30A000F059C /* AnimationComponent.swift */; };
		572BC04E1D197AFA000F059C /* EnemyWaitState.swift in Sources */ = {isa = PBXBuildFile; fileRef = 572BC04D1D197AFA000F059C /* EnemyWaitState.swift */; };
		57630E0D1D027F310003CA6D /* ContactNotifiableType.swift in Sources */ = {isa = PBXBuildFile; fileRef = 57630E0C1D027F310003CA6D /* ContactNotifiableType.swift */; };
		577083CC1CEDFA0400FE8C92 /* IntelligenceComponent.swift in Sources */ = {isa = PBXBuildFile; fileRef = 577083CB1CEDFA0400FE8C92 /* IntelligenceComponent.swift */; };
		577083CF1CEF468E00FE8C92 /* FollowerAgentControlledState.swift in Sources */ = {isa = PBXBuildFile; fileRef = 577083CE1CEF468E00FE8C92 /* FollowerAgentControlledState.swift */; };
		57A189DC1D04E47200349EE6 /* LifeComponent.swift in Sources */ = {isa = PBXBuildFile; fileRef = 57A189DB1D04E47200349EE6 /* LifeComponent.swift */; };
		57A189DE1D04E5CF00349EE6 /* CreatureConfiguration.swift in Sources */ = {isa = PBXBuildFile; fileRef = 57A189DD1D04E5CF00349EE6 /* CreatureConfiguration.swift */; };
		57A94D781D0BA6A2007D2BC0 /* GaugeNode.swift in Sources */ = {isa = PBXBuildFile; fileRef = 57A94D771D0BA6A2007D2BC0 /* GaugeNode.swift */; };
		57A94D7A1D0C399E007D2BC0 /* WorldLayer.swift in Sources */ = {isa = PBXBuildFile; fileRef = 57A94D791D0C399E007D2BC0 /* WorldLayer.swift */; };
		57A94D7E1D153A37007D2BC0 /* GameConfiguration.swift in Sources */ = {isa = PBXBuildFile; fileRef = 57A94D7D1D153A37007D2BC0 /* GameConfiguration.swift */; };
		57E6EA901D1B485E0089E77B /* IoliteTests.swift in Sources */ = {isa = PBXBuildFile; fileRef = 57E6EA8F1D1B485E0089E77B /* IoliteTests.swift */; };
		57ED7B051CDAFA30001E5A88 /* AppDelegate.swift in Sources */ = {isa = PBXBuildFile; fileRef = 57ED7B041CDAFA30001E5A88 /* AppDelegate.swift */; };
		57ED7B0B1CDAFA30001E5A88 /* GameViewController.swift in Sources */ = {isa = PBXBuildFile; fileRef = 57ED7B0A1CDAFA30001E5A88 /* GameViewController.swift */; };
		57ED7B0E1CDAFA30001E5A88 /* Main.storyboard in Resources */ = {isa = PBXBuildFile; fileRef = 57ED7B0C1CDAFA30001E5A88 /* Main.storyboard */; };
		57ED7B101CDAFA30001E5A88 /* Assets.xcassets in Resources */ = {isa = PBXBuildFile; fileRef = 57ED7B0F1CDAFA30001E5A88 /* Assets.xcassets */; };
		57ED7B131CDAFA30001E5A88 /* LaunchScreen.storyboard in Resources */ = {isa = PBXBuildFile; fileRef = 57ED7B111CDAFA30001E5A88 /* LaunchScreen.storyboard */; };
		57F36A8C1CE8359B00DB170B /* Enemy.swift in Sources */ = {isa = PBXBuildFile; fileRef = 57F36A8B1CE8359B00DB170B /* Enemy.swift */; };
		57F36A8E1CE83C5000DB170B /* RenderComponent.swift in Sources */ = {isa = PBXBuildFile; fileRef = 57F36A8D1CE83C5000DB170B /* RenderComponent.swift */; };
		57F36A911CE83CCB00DB170B /* EntityNode.swift in Sources */ = {isa = PBXBuildFile; fileRef = 57F36A901CE83CCB00DB170B /* EntityNode.swift */; };
		57F36A931CE8400F00DB170B /* Follower.swift in Sources */ = {isa = PBXBuildFile; fileRef = 57F36A921CE8400F00DB170B /* Follower.swift */; };
		57F36A951CE8478200DB170B /* OnFieldComponent.swift in Sources */ = {isa = PBXBuildFile; fileRef = 57F36A941CE8478200DB170B /* OnFieldComponent.swift */; };
		57F3712C1CEB538A00621A03 /* PhysicsComponent.swift in Sources */ = {isa = PBXBuildFile; fileRef = 57F3712B1CEB538A00621A03 /* PhysicsComponent.swift */; };
		57F3712E1CEB541600621A03 /* ColliderType.swift in Sources */ = {isa = PBXBuildFile; fileRef = 57F3712D1CEB541600621A03 /* ColliderType.swift */; };
/* End PBXBuildFile section */

/* Begin PBXContainerItemProxy section */
		57ED7B1A1CDAFA30001E5A88 /* PBXContainerItemProxy */ = {
			isa = PBXContainerItemProxy;
			containerPortal = 57ED7AF91CDAFA30001E5A88 /* Project object */;
			proxyType = 1;
			remoteGlobalIDString = 57ED7B001CDAFA30001E5A88;
			remoteInfo = Iolite;
		};
/* End PBXContainerItemProxy section */

/* Begin PBXFileReference section */
		571044DE1CFBE6CB007116D6 /* FollowerBehavior.swift */ = {isa = PBXFileReference; fileEncoding = 4; lastKnownFileType = sourcecode.swift; path = FollowerBehavior.swift; sourceTree = "<group>"; };
		571044E11CFBF4AC007116D6 /* Field.swift */ = {isa = PBXFileReference; fileEncoding = 4; lastKnownFileType = sourcecode.swift; path = Field.swift; sourceTree = "<group>"; };
		571044E21CFBF4AC007116D6 /* LevelScene.swift */ = {isa = PBXFileReference; fileEncoding = 4; lastKnownFileType = sourcecode.swift; path = LevelScene.swift; sourceTree = "<group>"; };
		572BC0441D17BD9C000F059C /* FollowerDamagedState.swift */ = {isa = PBXFileReference; fileEncoding = 4; lastKnownFileType = sourcecode.swift; path = FollowerDamagedState.swift; sourceTree = "<group>"; };
		572BC0461D17BDB0000F059C /* FollowerPreAttackState.swift */ = {isa = PBXFileReference; fileEncoding = 4; lastKnownFileType = sourcecode.swift; path = FollowerPreAttackState.swift; sourceTree = "<group>"; };
		572BC0481D17BDBE000F059C /* FollowerAttackState.swift */ = {isa = PBXFileReference; fileEncoding = 4; lastKnownFileType = sourcecode.swift; path = FollowerAttackState.swift; sourceTree = "<group>"; };
		572BC04A1D17E30A000F059C /* AnimationComponent.swift */ = {isa = PBXFileReference; fileEncoding = 4; lastKnownFileType = sourcecode.swift; path = AnimationComponent.swift; sourceTree = "<group>"; };
		572BC04D1D197AFA000F059C /* EnemyWaitState.swift */ = {isa = PBXFileReference; fileEncoding = 4; lastKnownFileType = sourcecode.swift; path = EnemyWaitState.swift; sourceTree = "<group>"; };
		57630E0C1D027F310003CA6D /* ContactNotifiableType.swift */ = {isa = PBXFileReference; fileEncoding = 4; lastKnownFileType = sourcecode.swift; path = ContactNotifiableType.swift; sourceTree = "<group>"; };
		577083CB1CEDFA0400FE8C92 /* IntelligenceComponent.swift */ = {isa = PBXFileReference; fileEncoding = 4; lastKnownFileType = sourcecode.swift; path = IntelligenceComponent.swift; sourceTree = "<group>"; };
		577083CE1CEF468E00FE8C92 /* FollowerAgentControlledState.swift */ = {isa = PBXFileReference; fileEncoding = 4; lastKnownFileType = sourcecode.swift; path = FollowerAgentControlledState.swift; sourceTree = "<group>"; };
		57A189DB1D04E47200349EE6 /* LifeComponent.swift */ = {isa = PBXFileReference; fileEncoding = 4; lastKnownFileType = sourcecode.swift; path = LifeComponent.swift; sourceTree = "<group>"; };
		57A189DD1D04E5CF00349EE6 /* CreatureConfiguration.swift */ = {isa = PBXFileReference; fileEncoding = 4; lastKnownFileType = sourcecode.swift; path = CreatureConfiguration.swift; sourceTree = "<group>"; };
		57A94D771D0BA6A2007D2BC0 /* GaugeNode.swift */ = {isa = PBXFileReference; fileEncoding = 4; lastKnownFileType = sourcecode.swift; path = GaugeNode.swift; sourceTree = "<group>"; };
		57A94D791D0C399E007D2BC0 /* WorldLayer.swift */ = {isa = PBXFileReference; fileEncoding = 4; lastKnownFileType = sourcecode.swift; path = WorldLayer.swift; sourceTree = "<group>"; };
		57A94D7D1D153A37007D2BC0 /* GameConfiguration.swift */ = {isa = PBXFileReference; fileEncoding = 4; lastKnownFileType = sourcecode.swift; path = GameConfiguration.swift; sourceTree = "<group>"; };
		57E6EA8E1D1B485E0089E77B /* IoliteTests-Bridging-Header.h */ = {isa = PBXFileReference; lastKnownFileType = sourcecode.c.h; path = "IoliteTests-Bridging-Header.h"; sourceTree = "<group>"; };
		57E6EA8F1D1B485E0089E77B /* IoliteTests.swift */ = {isa = PBXFileReference; fileEncoding = 4; lastKnownFileType = sourcecode.swift; path = IoliteTests.swift; sourceTree = "<group>"; };
		57ED7B011CDAFA30001E5A88 /* Iolite.app */ = {isa = PBXFileReference; explicitFileType = wrapper.application; includeInIndex = 0; path = Iolite.app; sourceTree = BUILT_PRODUCTS_DIR; };
		57ED7B041CDAFA30001E5A88 /* AppDelegate.swift */ = {isa = PBXFileReference; lastKnownFileType = sourcecode.swift; path = AppDelegate.swift; sourceTree = "<group>"; };
		57ED7B0A1CDAFA30001E5A88 /* GameViewController.swift */ = {isa = PBXFileReference; lastKnownFileType = sourcecode.swift; path = GameViewController.swift; sourceTree = "<group>"; };
		57ED7B0D1CDAFA30001E5A88 /* Base */ = {isa = PBXFileReference; lastKnownFileType = file.storyboard; name = Base; path = Base.lproj/Main.storyboard; sourceTree = "<group>"; };
		57ED7B0F1CDAFA30001E5A88 /* Assets.xcassets */ = {isa = PBXFileReference; lastKnownFileType = folder.assetcatalog; path = Assets.xcassets; sourceTree = "<group>"; };
		57ED7B121CDAFA30001E5A88 /* Base */ = {isa = PBXFileReference; lastKnownFileType = file.storyboard; name = Base; path = Base.lproj/LaunchScreen.storyboard; sourceTree = "<group>"; };
		57ED7B141CDAFA30001E5A88 /* Info.plist */ = {isa = PBXFileReference; lastKnownFileType = text.plist.xml; path = Info.plist; sourceTree = "<group>"; };
		57ED7B191CDAFA30001E5A88 /* IoliteTests.xctest */ = {isa = PBXFileReference; explicitFileType = wrapper.cfbundle; includeInIndex = 0; path = IoliteTests.xctest; sourceTree = BUILT_PRODUCTS_DIR; };
		57ED7B1F1CDAFA30001E5A88 /* Info.plist */ = {isa = PBXFileReference; lastKnownFileType = text.plist.xml; path = Info.plist; sourceTree = "<group>"; };
		57F36A8B1CE8359B00DB170B /* Enemy.swift */ = {isa = PBXFileReference; fileEncoding = 4; lastKnownFileType = sourcecode.swift; path = Enemy.swift; sourceTree = "<group>"; };
		57F36A8D1CE83C5000DB170B /* RenderComponent.swift */ = {isa = PBXFileReference; fileEncoding = 4; lastKnownFileType = sourcecode.swift; path = RenderComponent.swift; sourceTree = "<group>"; };
		57F36A901CE83CCB00DB170B /* EntityNode.swift */ = {isa = PBXFileReference; fileEncoding = 4; lastKnownFileType = sourcecode.swift; path = EntityNode.swift; sourceTree = "<group>"; };
		57F36A921CE8400F00DB170B /* Follower.swift */ = {isa = PBXFileReference; fileEncoding = 4; lastKnownFileType = sourcecode.swift; path = Follower.swift; sourceTree = "<group>"; };
		57F36A941CE8478200DB170B /* OnFieldComponent.swift */ = {isa = PBXFileReference; fileEncoding = 4; lastKnownFileType = sourcecode.swift; path = OnFieldComponent.swift; sourceTree = "<group>"; };
		57F3712B1CEB538A00621A03 /* PhysicsComponent.swift */ = {isa = PBXFileReference; fileEncoding = 4; lastKnownFileType = sourcecode.swift; path = PhysicsComponent.swift; sourceTree = "<group>"; };
		57F3712D1CEB541600621A03 /* ColliderType.swift */ = {isa = PBXFileReference; fileEncoding = 4; lastKnownFileType = sourcecode.swift; path = ColliderType.swift; sourceTree = "<group>"; };
/* End PBXFileReference section */

/* Begin PBXFrameworksBuildPhase section */
		57ED7AFE1CDAFA30001E5A88 /* Frameworks */ = {
			isa = PBXFrameworksBuildPhase;
			buildActionMask = 2147483647;
			files = (
			);
			runOnlyForDeploymentPostprocessing = 0;
		};
		57ED7B161CDAFA30001E5A88 /* Frameworks */ = {
			isa = PBXFrameworksBuildPhase;
			buildActionMask = 2147483647;
			files = (
			);
			runOnlyForDeploymentPostprocessing = 0;
		};
/* End PBXFrameworksBuildPhase section */

/* Begin PBXGroup section */
		571044DD1CFBE645007116D6 /* Behaviors */ = {
			isa = PBXGroup;
			children = (
				571044DE1CFBE6CB007116D6 /* FollowerBehavior.swift */,
			);
			path = Behaviors;
			sourceTree = "<group>";
		};
		571044E01CFBF44C007116D6 /* Scenes */ = {
			isa = PBXGroup;
			children = (
				571044E21CFBF4AC007116D6 /* LevelScene.swift */,
				571044E11CFBF4AC007116D6 /* Field.swift */,
				57A94D791D0C399E007D2BC0 /* WorldLayer.swift */,
			);
			path = Scenes;
			sourceTree = "<group>";
		};
		571044E51CFBF4F5007116D6 /* Physics */ = {
			isa = PBXGroup;
			children = (
				57F3712D1CEB541600621A03 /* ColliderType.swift */,
				57630E0C1D027F310003CA6D /* ContactNotifiableType.swift */,
			);
			path = Physics;
			sourceTree = "<group>";
		};
		572BC04C1D197AB6000F059C /* EnemyIntelligenceState */ = {
			isa = PBXGroup;
			children = (
				572BC04D1D197AFA000F059C /* EnemyWaitState.swift */,
			);
			name = EnemyIntelligenceState;
			sourceTree = "<group>";
		};
		577083CD1CEF460600FE8C92 /* FollowerIntelligenceState */ = {
			isa = PBXGroup;
			children = (
				577083CE1CEF468E00FE8C92 /* FollowerAgentControlledState.swift */,
				572BC0461D17BDB0000F059C /* FollowerPreAttackState.swift */,
				572BC0481D17BDBE000F059C /* FollowerAttackState.swift */,
				572BC0441D17BD9C000F059C /* FollowerDamagedState.swift */,
			);
			name = FollowerIntelligenceState;
			sourceTree = "<group>";
		};
		57ED7AF81CDAFA30001E5A88 = {
			isa = PBXGroup;
			children = (
				57ED7B031CDAFA30001E5A88 /* Iolite */,
				57ED7B1C1CDAFA30001E5A88 /* IoliteTests */,
				57ED7B021CDAFA30001E5A88 /* Products */,
			);
			sourceTree = "<group>";
		};
		57ED7B021CDAFA30001E5A88 /* Products */ = {
			isa = PBXGroup;
			children = (
				57ED7B011CDAFA30001E5A88 /* Iolite.app */,
				57ED7B191CDAFA30001E5A88 /* IoliteTests.xctest */,
			);
			name = Products;
			sourceTree = "<group>";
		};
		57ED7B031CDAFA30001E5A88 /* Iolite */ = {
			isa = PBXGroup;
			children = (
				571044E01CFBF44C007116D6 /* Scenes */,
				57EF20921CE22689009A3EBD /* Entities */,
				57EF20931CE226A4009A3EBD /* Components */,
				571044DD1CFBE645007116D6 /* Behaviors */,
				57F36A881CE8171A00DB170B /* Nodes */,
				571044E51CFBF4F5007116D6 /* Physics */,
				57ED7B041CDAFA30001E5A88 /* AppDelegate.swift */,
				57ED7B0A1CDAFA30001E5A88 /* GameViewController.swift */,
				57ED7B0C1CDAFA30001E5A88 /* Main.storyboard */,
				57ED7B0F1CDAFA30001E5A88 /* Assets.xcassets */,
				57ED7B111CDAFA30001E5A88 /* LaunchScreen.storyboard */,
				57ED7B141CDAFA30001E5A88 /* Info.plist */,
			);
			path = Iolite;
			sourceTree = "<group>";
		};
		57ED7B1C1CDAFA30001E5A88 /* IoliteTests */ = {
			isa = PBXGroup;
			children = (
				57ED7B1F1CDAFA30001E5A88 /* Info.plist */,
				57E6EA8F1D1B485E0089E77B /* IoliteTests.swift */,
				57E6EA8E1D1B485E0089E77B /* IoliteTests-Bridging-Header.h */,
			);
			path = IoliteTests;
			sourceTree = "<group>";
		};
		57EF20921CE22689009A3EBD /* Entities */ = {
			isa = PBXGroup;
			children = (
				57F36A921CE8400F00DB170B /* Follower.swift */,
				57F36A8B1CE8359B00DB170B /* Enemy.swift */,
				57A189DD1D04E5CF00349EE6 /* CreatureConfiguration.swift */,
				57A94D7D1D153A37007D2BC0 /* GameConfiguration.swift */,
			);
			path = Entities;
			sourceTree = "<group>";
		};
		57EF20931CE226A4009A3EBD /* Components */ = {
			isa = PBXGroup;
			children = (
				572BC04C1D197AB6000F059C /* EnemyIntelligenceState */,
				577083CD1CEF460600FE8C92 /* FollowerIntelligenceState */,
				57F3712B1CEB538A00621A03 /* PhysicsComponent.swift */,
				57F36A8D1CE83C5000DB170B /* RenderComponent.swift */,
				57F36A941CE8478200DB170B /* OnFieldComponent.swift */,
				57A189DB1D04E47200349EE6 /* LifeComponent.swift */,
				577083CB1CEDFA0400FE8C92 /* IntelligenceComponent.swift */,
				572BC04A1D17E30A000F059C /* AnimationComponent.swift */,
			);
			path = Components;
			sourceTree = "<group>";
		};
		57F36A881CE8171A00DB170B /* Nodes */ = {
			isa = PBXGroup;
			children = (
				57F36A901CE83CCB00DB170B /* EntityNode.swift */,
				57A94D771D0BA6A2007D2BC0 /* GaugeNode.swift */,
			);
			path = Nodes;
			sourceTree = "<group>";
		};
/* End PBXGroup section */

/* Begin PBXNativeTarget section */
		57ED7B001CDAFA30001E5A88 /* Iolite */ = {
			isa = PBXNativeTarget;
			buildConfigurationList = 57ED7B221CDAFA30001E5A88 /* Build configuration list for PBXNativeTarget "Iolite" */;
			buildPhases = (
				57ED7AFD1CDAFA30001E5A88 /* Sources */,
				57ED7AFE1CDAFA30001E5A88 /* Frameworks */,
				57ED7AFF1CDAFA30001E5A88 /* Resources */,
			);
			buildRules = (
			);
			dependencies = (
			);
			name = Iolite;
			productName = Iolite;
			productReference = 57ED7B011CDAFA30001E5A88 /* Iolite.app */;
			productType = "com.apple.product-type.application";
		};
		57ED7B181CDAFA30001E5A88 /* IoliteTests */ = {
			isa = PBXNativeTarget;
			buildConfigurationList = 57ED7B251CDAFA30001E5A88 /* Build configuration list for PBXNativeTarget "IoliteTests" */;
			buildPhases = (
				57ED7B151CDAFA30001E5A88 /* Sources */,
				57ED7B161CDAFA30001E5A88 /* Frameworks */,
				57ED7B171CDAFA30001E5A88 /* Resources */,
			);
			buildRules = (
			);
			dependencies = (
				57ED7B1B1CDAFA30001E5A88 /* PBXTargetDependency */,
			);
			name = IoliteTests;
			productName = IoliteTests;
			productReference = 57ED7B191CDAFA30001E5A88 /* IoliteTests.xctest */;
			productType = "com.apple.product-type.bundle.unit-test";
		};
/* End PBXNativeTarget section */

/* Begin PBXProject section */
		57ED7AF91CDAFA30001E5A88 /* Project object */ = {
			isa = PBXProject;
			attributes = {
				LastSwiftUpdateCheck = 0730;
				LastUpgradeCheck = 0730;
				ORGANIZATIONNAME = slightair;
				TargetAttributes = {
					57ED7B001CDAFA30001E5A88 = {
						CreatedOnToolsVersion = 7.3;
					};
					57ED7B181CDAFA30001E5A88 = {
						CreatedOnToolsVersion = 7.3;
						TestTargetID = 57ED7B001CDAFA30001E5A88;
					};
				};
			};
			buildConfigurationList = 57ED7AFC1CDAFA30001E5A88 /* Build configuration list for PBXProject "Iolite" */;
			compatibilityVersion = "Xcode 3.2";
			developmentRegion = English;
			hasScannedForEncodings = 0;
			knownRegions = (
				en,
				Base,
			);
			mainGroup = 57ED7AF81CDAFA30001E5A88;
			productRefGroup = 57ED7B021CDAFA30001E5A88 /* Products */;
			projectDirPath = "";
			projectRoot = "";
			targets = (
				57ED7B001CDAFA30001E5A88 /* Iolite */,
				57ED7B181CDAFA30001E5A88 /* IoliteTests */,
			);
		};
/* End PBXProject section */

/* Begin PBXResourcesBuildPhase section */
		57ED7AFF1CDAFA30001E5A88 /* Resources */ = {
			isa = PBXResourcesBuildPhase;
			buildActionMask = 2147483647;
			files = (
				57ED7B131CDAFA30001E5A88 /* LaunchScreen.storyboard in Resources */,
				57ED7B101CDAFA30001E5A88 /* Assets.xcassets in Resources */,
				57ED7B0E1CDAFA30001E5A88 /* Main.storyboard in Resources */,
			);
			runOnlyForDeploymentPostprocessing = 0;
		};
		57ED7B171CDAFA30001E5A88 /* Resources */ = {
			isa = PBXResourcesBuildPhase;
			buildActionMask = 2147483647;
			files = (
			);
			runOnlyForDeploymentPostprocessing = 0;
		};
/* End PBXResourcesBuildPhase section */

/* Begin PBXSourcesBuildPhase section */
		57ED7AFD1CDAFA30001E5A88 /* Sources */ = {
			isa = PBXSourcesBuildPhase;
			buildActionMask = 2147483647;
			files = (
				57F3712E1CEB541600621A03 /* ColliderType.swift in Sources */,
				57630E0D1D027F310003CA6D /* ContactNotifiableType.swift in Sources */,
				572BC0491D17BDBE000F059C /* FollowerAttackState.swift in Sources */,
				57F3712C1CEB538A00621A03 /* PhysicsComponent.swift in Sources */,
				571044E41CFBF4AC007116D6 /* LevelScene.swift in Sources */,
				57F36A931CE8400F00DB170B /* Follower.swift in Sources */,
				572BC04B1D17E30A000F059C /* AnimationComponent.swift in Sources */,
				57F36A8E1CE83C5000DB170B /* RenderComponent.swift in Sources */,
				57F36A911CE83CCB00DB170B /* EntityNode.swift in Sources */,
				571044E31CFBF4AC007116D6 /* Field.swift in Sources */,
				572BC0451D17BD9C000F059C /* FollowerDamagedState.swift in Sources */,
				57A94D7E1D153A37007D2BC0 /* GameConfiguration.swift in Sources */,
				577083CC1CEDFA0400FE8C92 /* IntelligenceComponent.swift in Sources */,
				572BC04E1D197AFA000F059C /* EnemyWaitState.swift in Sources */,
				57A94D781D0BA6A2007D2BC0 /* GaugeNode.swift in Sources */,
				57A189DE1D04E5CF00349EE6 /* CreatureConfiguration.swift in Sources */,
				572BC0471D17BDB0000F059C /* FollowerPreAttackState.swift in Sources */,
				57ED7B0B1CDAFA30001E5A88 /* GameViewController.swift in Sources */,
				577083CF1CEF468E00FE8C92 /* FollowerAgentControlledState.swift in Sources */,
				57F36A8C1CE8359B00DB170B /* Enemy.swift in Sources */,
				57F36A951CE8478200DB170B /* OnFieldComponent.swift in Sources */,
				57A94D7A1D0C399E007D2BC0 /* WorldLayer.swift in Sources */,
				57ED7B051CDAFA30001E5A88 /* AppDelegate.swift in Sources */,
				57A189DC1D04E47200349EE6 /* LifeComponent.swift in Sources */,
				571044DF1CFBE6CB007116D6 /* FollowerBehavior.swift in Sources */,
			);
			runOnlyForDeploymentPostprocessing = 0;
		};
		57ED7B151CDAFA30001E5A88 /* Sources */ = {
			isa = PBXSourcesBuildPhase;
			buildActionMask = 2147483647;
			files = (
				57E6EA901D1B485E0089E77B /* IoliteTests.swift in Sources */,
			);
			runOnlyForDeploymentPostprocessing = 0;
		};
/* End PBXSourcesBuildPhase section */

/* Begin PBXTargetDependency section */
		57ED7B1B1CDAFA30001E5A88 /* PBXTargetDependency */ = {
			isa = PBXTargetDependency;
			target = 57ED7B001CDAFA30001E5A88 /* Iolite */;
			targetProxy = 57ED7B1A1CDAFA30001E5A88 /* PBXContainerItemProxy */;
		};
/* End PBXTargetDependency section */

/* Begin PBXVariantGroup section */
		57ED7B0C1CDAFA30001E5A88 /* Main.storyboard */ = {
			isa = PBXVariantGroup;
			children = (
				57ED7B0D1CDAFA30001E5A88 /* Base */,
			);
			name = Main.storyboard;
			sourceTree = "<group>";
		};
		57ED7B111CDAFA30001E5A88 /* LaunchScreen.storyboard */ = {
			isa = PBXVariantGroup;
			children = (
				57ED7B121CDAFA30001E5A88 /* Base */,
			);
			name = LaunchScreen.storyboard;
			sourceTree = "<group>";
		};
/* End PBXVariantGroup section */

/* Begin XCBuildConfiguration section */
		57ED7B201CDAFA30001E5A88 /* Debug */ = {
			isa = XCBuildConfiguration;
			buildSettings = {
				ALWAYS_SEARCH_USER_PATHS = NO;
				CLANG_ANALYZER_NONNULL = YES;
				CLANG_CXX_LANGUAGE_STANDARD = "gnu++0x";
				CLANG_CXX_LIBRARY = "libc++";
				CLANG_ENABLE_MODULES = YES;
				CLANG_ENABLE_OBJC_ARC = YES;
				CLANG_WARN_BOOL_CONVERSION = YES;
				CLANG_WARN_CONSTANT_CONVERSION = YES;
				CLANG_WARN_DIRECT_OBJC_ISA_USAGE = YES_ERROR;
				CLANG_WARN_EMPTY_BODY = YES;
				CLANG_WARN_ENUM_CONVERSION = YES;
				CLANG_WARN_INT_CONVERSION = YES;
				CLANG_WARN_OBJC_ROOT_CLASS = YES_ERROR;
				CLANG_WARN_UNREACHABLE_CODE = YES;
				CLANG_WARN__DUPLICATE_METHOD_MATCH = YES;
				"CODE_SIGN_IDENTITY[sdk=iphoneos*]" = "iPhone Developer";
				COPY_PHASE_STRIP = NO;
				DEBUG_INFORMATION_FORMAT = "dwarf-with-dsym";
				ENABLE_STRICT_OBJC_MSGSEND = YES;
				ENABLE_TESTABILITY = YES;
				GCC_C_LANGUAGE_STANDARD = gnu99;
				GCC_DYNAMIC_NO_PIC = NO;
				GCC_NO_COMMON_BLOCKS = YES;
				GCC_OPTIMIZATION_LEVEL = 0;
				GCC_PREPROCESSOR_DEFINITIONS = (
					"DEBUG=1",
					"$(inherited)",
				);
				GCC_WARN_64_TO_32_BIT_CONVERSION = YES;
				GCC_WARN_ABOUT_RETURN_TYPE = YES_ERROR;
				GCC_WARN_UNDECLARED_SELECTOR = YES;
				GCC_WARN_UNINITIALIZED_AUTOS = YES_AGGRESSIVE;
				GCC_WARN_UNUSED_FUNCTION = YES;
				GCC_WARN_UNUSED_VARIABLE = YES;
				IPHONEOS_DEPLOYMENT_TARGET = 9.3;
				MTL_ENABLE_DEBUG_INFO = YES;
				ONLY_ACTIVE_ARCH = YES;
				SDKROOT = iphoneos;
				SWIFT_OPTIMIZATION_LEVEL = "-Onone";
				TARGETED_DEVICE_FAMILY = "1,2";
			};
			name = Debug;
		};
		57ED7B211CDAFA30001E5A88 /* Release */ = {
			isa = XCBuildConfiguration;
			buildSettings = {
				ALWAYS_SEARCH_USER_PATHS = NO;
				CLANG_ANALYZER_NONNULL = YES;
				CLANG_CXX_LANGUAGE_STANDARD = "gnu++0x";
				CLANG_CXX_LIBRARY = "libc++";
				CLANG_ENABLE_MODULES = YES;
				CLANG_ENABLE_OBJC_ARC = YES;
				CLANG_WARN_BOOL_CONVERSION = YES;
				CLANG_WARN_CONSTANT_CONVERSION = YES;
				CLANG_WARN_DIRECT_OBJC_ISA_USAGE = YES_ERROR;
				CLANG_WARN_EMPTY_BODY = YES;
				CLANG_WARN_ENUM_CONVERSION = YES;
				CLANG_WARN_INT_CONVERSION = YES;
				CLANG_WARN_OBJC_ROOT_CLASS = YES_ERROR;
				CLANG_WARN_UNREACHABLE_CODE = YES;
				CLANG_WARN__DUPLICATE_METHOD_MATCH = YES;
				"CODE_SIGN_IDENTITY[sdk=iphoneos*]" = "iPhone Developer";
				COPY_PHASE_STRIP = NO;
				DEBUG_INFORMATION_FORMAT = "dwarf-with-dsym";
				ENABLE_NS_ASSERTIONS = NO;
				ENABLE_STRICT_OBJC_MSGSEND = YES;
				GCC_C_LANGUAGE_STANDARD = gnu99;
				GCC_NO_COMMON_BLOCKS = YES;
				GCC_WARN_64_TO_32_BIT_CONVERSION = YES;
				GCC_WARN_ABOUT_RETURN_TYPE = YES_ERROR;
				GCC_WARN_UNDECLARED_SELECTOR = YES;
				GCC_WARN_UNINITIALIZED_AUTOS = YES_AGGRESSIVE;
				GCC_WARN_UNUSED_FUNCTION = YES;
				GCC_WARN_UNUSED_VARIABLE = YES;
				IPHONEOS_DEPLOYMENT_TARGET = 9.3;
				MTL_ENABLE_DEBUG_INFO = NO;
				SDKROOT = iphoneos;
				TARGETED_DEVICE_FAMILY = "1,2";
				VALIDATE_PRODUCT = YES;
			};
			name = Release;
		};
		57ED7B231CDAFA30001E5A88 /* Debug */ = {
			isa = XCBuildConfiguration;
			buildSettings = {
				ASSETCATALOG_COMPILER_APPICON_NAME = AppIcon;
				INFOPLIST_FILE = Iolite/Info.plist;
				IPHONEOS_DEPLOYMENT_TARGET = 9.0;
				LD_RUNPATH_SEARCH_PATHS = "$(inherited) @executable_path/Frameworks";
				PRODUCT_BUNDLE_IDENTIFIER = cc.clv.ios.Iolite;
				PRODUCT_NAME = "$(TARGET_NAME)";
			};
			name = Debug;
		};
		57ED7B241CDAFA30001E5A88 /* Release */ = {
			isa = XCBuildConfiguration;
			buildSettings = {
				ASSETCATALOG_COMPILER_APPICON_NAME = AppIcon;
				INFOPLIST_FILE = Iolite/Info.plist;
				IPHONEOS_DEPLOYMENT_TARGET = 9.0;
				LD_RUNPATH_SEARCH_PATHS = "$(inherited) @executable_path/Frameworks";
				PRODUCT_BUNDLE_IDENTIFIER = cc.clv.ios.Iolite;
				PRODUCT_NAME = "$(TARGET_NAME)";
			};
			name = Release;
		};
		57ED7B261CDAFA30001E5A88 /* Debug */ = {
			isa = XCBuildConfiguration;
			buildSettings = {
				BUNDLE_LOADER = "$(TEST_HOST)";
				CLANG_ENABLE_MODULES = YES;
				DEBUG_INFORMATION_FORMAT = dwarf;
				INFOPLIST_FILE = IoliteTests/Info.plist;
				LD_RUNPATH_SEARCH_PATHS = "$(inherited) @executable_path/Frameworks @loader_path/Frameworks";
				PRODUCT_BUNDLE_IDENTIFIER = cc.clv.ios.IoliteTests;
				PRODUCT_NAME = "$(TARGET_NAME)";
				SWIFT_OBJC_BRIDGING_HEADER = "IoliteTests/IoliteTests-Bridging-Header.h";
				SWIFT_OPTIMIZATION_LEVEL = "-Onone";
				TEST_HOST = "$(BUILT_PRODUCTS_DIR)/Iolite.app/Iolite";
			};
			name = Debug;
		};
		57ED7B271CDAFA30001E5A88 /* Release */ = {
			isa = XCBuildConfiguration;
			buildSettings = {
				BUNDLE_LOADER = "$(TEST_HOST)";
				CLANG_ENABLE_MODULES = YES;
				INFOPLIST_FILE = IoliteTests/Info.plist;
				LD_RUNPATH_SEARCH_PATHS = "$(inherited) @executable_path/Frameworks @loader_path/Frameworks";
				PRODUCT_BUNDLE_IDENTIFIER = cc.clv.ios.IoliteTests;
				PRODUCT_NAME = "$(TARGET_NAME)";
				SWIFT_OBJC_BRIDGING_HEADER = "IoliteTests/IoliteTests-Bridging-Header.h";
				TEST_HOST = "$(BUILT_PRODUCTS_DIR)/Iolite.app/Iolite";
			};
			name = Release;
		};
/* End XCBuildConfiguration section */

/* Begin XCConfigurationList section */
		57ED7AFC1CDAFA30001E5A88 /* Build configuration list for PBXProject "Iolite" */ = {
			isa = XCConfigurationList;
			buildConfigurations = (
				57ED7B201CDAFA30001E5A88 /* Debug */,
				57ED7B211CDAFA30001E5A88 /* Release */,
			);
			defaultConfigurationIsVisible = 0;
			defaultConfigurationName = Release;
		};
		57ED7B221CDAFA30001E5A88 /* Build configuration list for PBXNativeTarget "Iolite" */ = {
			isa = XCConfigurationList;
			buildConfigurations = (
				57ED7B231CDAFA30001E5A88 /* Debug */,
				57ED7B241CDAFA30001E5A88 /* Release */,
			);
			defaultConfigurationIsVisible = 0;
			defaultConfigurationName = Release;
		};
		57ED7B251CDAFA30001E5A88 /* Build configuration list for PBXNativeTarget "IoliteTests" */ = {
			isa = XCConfigurationList;
			buildConfigurations = (
				57ED7B261CDAFA30001E5A88 /* Debug */,
				57ED7B271CDAFA30001E5A88 /* Release */,
			);
			defaultConfigurationIsVisible = 0;
			defaultConfigurationName = Release;
		};
/* End XCConfigurationList section */
	};
	rootObject = 57ED7AF91CDAFA30001E5A88 /* Project object */;
}
